
Microsoft Visual Studio Solution File, Format Version 12.00
# Visual Studio Version 17
VisualStudioVersion = 17.0.31903.59
MinimumVisualStudioVersion = 10.0.40219.1
Project("{FAE04EC0-301F-11D3-BF4B-00C04F79EFBC}") = "BE", "BE\BE.csproj", "{EA46FF38-185B-4B80-AA8B-480E859DBA19}"
EndProject
Project("{FAE04EC0-301F-11D3-BF4B-00C04F79EFBC}") = "DAL", "DAL\DAL.csproj", "{5D2D0275-8369-4BA0-8BDD-6AFC64124A96}"
EndProject
Project("{FAE04EC0-301F-11D3-BF4B-00C04F79EFBC}") = "BLL", "BLL\BLL.csproj", "{77992C93-87FF-4295-8267-C41C63789FDB}"
EndProject
Project("{FAE04EC0-301F-11D3-BF4B-00C04F79EFBC}") = "CoreBlog", "CoreBlog\CoreBlog.csproj", "{9FE4D854-3C33-4E03-9CA4-15FAC6750028}"
EndProject
Global
	GlobalSection(SolutionConfigurationPlatforms) = preSolution
		Debug|Any CPU = Debug|Any CPU
		Release|Any CPU = Release|Any CPU
	EndGlobalSection
	GlobalSection(SolutionProperties) = preSolution
		HideSolutionNode = FALSE
	EndGlobalSection
	GlobalSection(ProjectConfigurationPlatforms) = postSolution
		{EA46FF38-185B-4B80-AA8B-480E859DBA19}.Debug|Any CPU.ActiveCfg = Debug|Any CPU
		{EA46FF38-185B-4B80-AA8B-480E859DBA19}.Debug|Any CPU.Build.0 = Debug|Any CPU
		{EA46FF38-185B-4B80-AA8B-480E859DBA19}.Release|Any CPU.ActiveCfg = Release|Any CPU
		{EA46FF38-185B-4B80-AA8B-480E859DBA19}.Release|Any CPU.Build.0 = Release|Any CPU
		{5D2D0275-8369-4BA0-8BDD-6AFC64124A96}.Debug|Any CPU.ActiveCfg = Debug|Any CPU
		{5D2D0275-8369-4BA0-8BDD-6AFC64124A96}.Debug|Any CPU.Build.0 = Debug|Any CPU
		{5D2D0275-8369-4BA0-8BDD-6AFC64124A96}.Release|Any CPU.ActiveCfg = Release|Any CPU
		{5D2D0275-8369-4BA0-8BDD-6AFC64124A96}.Release|Any CPU.Build.0 = Release|Any CPU
		{77992C93-87FF-4295-8267-C41C63789FDB}.Debug|Any CPU.ActiveCfg = Debug|Any CPU
		{77992C93-87FF-4295-8267-C41C63789FDB}.Debug|Any CPU.Build.0 = Debug|Any CPU
		{77992C93-87FF-4295-8267-C41C63789FDB}.Release|Any CPU.ActiveCfg = Release|Any CPU
		{77992C93-87FF-4295-8267-C41C63789FDB}.Release|Any CPU.Build.0 = Release|Any CPU
		{9FE4D854-3C33-4E03-9CA4-15FAC6750028}.Debug|Any CPU.ActiveCfg = Debug|Any CPU
		{9FE4D854-3C33-4E03-9CA4-15FAC6750028}.Debug|Any CPU.Build.0 = Debug|Any CPU
		{9FE4D854-3C33-4E03-9CA4-15FAC6750028}.Release|Any CPU.ActiveCfg = Release|Any CPU
		{9FE4D854-3C33-4E03-9CA4-15FAC6750028}.Release|Any CPU.Build.0 = Release|Any CPU
	EndGlobalSection
EndGlobal
